
Microsoft Visual Studio Solution File, Format Version 12.00
# Visual Studio 15
VisualStudioVersion = 15.0.28010.0
MinimumVisualStudioVersion = 10.0.40219.1
Project("{FAE04EC0-301F-11D3-BF4B-00C04F79EFBC}") = "UserManagementAuth", "UserManagementAuth\UserManagementAuth.csproj", "{9F7EFEE5-9E3A-401A-B075-36DCD96DC4CF}"
EndProject
Project("{FAE04EC0-301F-11D3-BF4B-00C04F79EFBC}") = "UserManagementAuth.Tests", "UserManagementAuth.Tests\UserManagementAuth.Tests.csproj", "{7E235910-C074-4989-ADFD-04C6F76B0D79}"
EndProject
Global
	GlobalSection(SolutionConfigurationPlatforms) = preSolution
		Debug|Any CPU = Debug|Any CPU
		Release|Any CPU = Release|Any CPU
	EndGlobalSection
	GlobalSection(ProjectConfigurationPlatforms) = postSolution
		{9F7EFEE5-9E3A-401A-B075-36DCD96DC4CF}.Debug|Any CPU.ActiveCfg = Debug|Any CPU
		{9F7EFEE5-9E3A-401A-B075-36DCD96DC4CF}.Debug|Any CPU.Build.0 = Debug|Any CPU
		{9F7EFEE5-9E3A-401A-B075-36DCD96DC4CF}.Release|Any CPU.ActiveCfg = Release|Any CPU
		{9F7EFEE5-9E3A-401A-B075-36DCD96DC4CF}.Release|Any CPU.Build.0 = Release|Any CPU
		{7E235910-C074-4989-ADFD-04C6F76B0D79}.Debug|Any CPU.ActiveCfg = Debug|Any CPU
		{7E235910-C074-4989-ADFD-04C6F76B0D79}.Debug|Any CPU.Build.0 = Debug|Any CPU
		{7E235910-C074-4989-ADFD-04C6F76B0D79}.Release|Any CPU.ActiveCfg = Release|Any CPU
		{7E235910-C074-4989-ADFD-04C6F76B0D79}.Release|Any CPU.Build.0 = Release|Any CPU
	EndGlobalSection
	GlobalSection(SolutionProperties) = preSolution
		HideSolutionNode = FALSE
	EndGlobalSection
	GlobalSection(ExtensibilityGlobals) = postSolution
		SolutionGuid = {345BB5C0-32EF-4DB6-AD71-A9B8B7E1179A}
	EndGlobalSection
EndGlobal
